
Microsoft Visual Studio Solution File, Format Version 12.00
# Visual Studio Version 17
VisualStudioVersion = 17.9.34714.143
MinimumVisualStudioVersion = 10.0.40219.1
Project("{8BC9CEB8-8B4A-11D0-8D11-00A0C91BC942}") = "Inisialisasi", "Inisialisasi\Inisialisasi.vcxproj", "{28EEA361-79FF-4F44-B8FD-F9A19CB52949}"
EndProject
Project("{8BC9CEB8-8B4A-11D0-8D11-00A0C91BC942}") = "Komposisi", "Komposisi\Komposisi.vcxproj", "{9173C987-5A1C-48A7-8EE8-087B2F6FD319}"
EndProject
Project("{8BC9CEB8-8B4A-11D0-8D11-00A0C91BC942}") = "Agregasi", "Agregasi\Agregasi.vcxproj", "{D42DC9DF-ADAA-4477-A49D-583B76FBCE2A}"
EndProject
Project("{8BC9CEB8-8B4A-11D0-8D11-00A0C91BC942}") = "Asosiasi", "Asosiasi\Asosiasi.vcxproj", "{96193958-25CF-4F47-8C95-EEACEF553689}"
EndProject
Project("{8BC9CEB8-8B4A-11D0-8D11-00A0C91BC942}") = "Warisan", "Warisan\Warisan.vcxproj", "{01B65505-8DBE-443D-9C19-27A8A52F85CB}"
EndProject
Global
	GlobalSection(SolutionConfigurationPlatforms) = preSolution
		Debug|x64 = Debug|x64
		Debug|x86 = Debug|x86
		Release|x64 = Release|x64
		Release|x86 = Release|x86
	EndGlobalSection
	GlobalSection(ProjectConfigurationPlatforms) = postSolution
		{28EEA361-79FF-4F44-B8FD-F9A19CB52949}.Debug|x64.ActiveCfg = Debug|x64
		{28EEA361-79FF-4F44-B8FD-F9A19CB52949}.Debug|x64.Build.0 = Debug|x64
		{28EEA361-79FF-4F44-B8FD-F9A19CB52949}.Debug|x86.ActiveCfg = Debug|Win32
		{28EEA361-79FF-4F44-B8FD-F9A19CB52949}.Debug|x86.Build.0 = Debug|Win32
		{28EEA361-79FF-4F44-B8FD-F9A19CB52949}.Release|x64.ActiveCfg = Release|x64
		{28EEA361-79FF-4F44-B8FD-F9A19CB52949}.Release|x64.Build.0 = Release|x64
		{28EEA361-79FF-4F44-B8FD-F9A19CB52949}.Release|x86.ActiveCfg = Release|Win32
		{28EEA361-79FF-4F44-B8FD-F9A19CB52949}.Release|x86.Build.0 = Release|Win32
		{9173C987-5A1C-48A7-8EE8-087B2F6FD319}.Debug|x64.ActiveCfg = Debug|x64
		{9173C987-5A1C-48A7-8EE8-087B2F6FD319}.Debug|x64.Build.0 = Debug|x64
		{9173C987-5A1C-48A7-8EE8-087B2F6FD319}.Debug|x86.ActiveCfg = Debug|Win32
		{9173C987-5A1C-48A7-8EE8-087B2F6FD319}.Debug|x86.Build.0 = Debug|Win32
		{9173C987-5A1C-48A7-8EE8-087B2F6FD319}.Release|x64.ActiveCfg = Release|x64
		{9173C987-5A1C-48A7-8EE8-087B2F6FD319}.Release|x64.Build.0 = Release|x64
		{9173C987-5A1C-48A7-8EE8-087B2F6FD319}.Release|x86.ActiveCfg = Release|Win32
		{9173C987-5A1C-48A7-8EE8-087B2F6FD319}.Release|x86.Build.0 = Release|Win32
		{D42DC9DF-ADAA-4477-A49D-583B76FBCE2A}.Debug|x64.ActiveCfg = Debug|x64
		{D42DC9DF-ADAA-4477-A49D-583B76FBCE2A}.Debug|x64.Build.0 = Debug|x64
		{D42DC9DF-ADAA-4477-A49D-583B76FBCE2A}.Debug|x86.ActiveCfg = Debug|Win32
		{D42DC9DF-ADAA-4477-A49D-583B76FBCE2A}.Debug|x86.Build.0 = Debug|Win32
		{D42DC9DF-ADAA-4477-A49D-583B76FBCE2A}.Release|x64.ActiveCfg = Release|x64
		{D42DC9DF-ADAA-4477-A49D-583B76FBCE2A}.Release|x64.Build.0 = Release|x64
		{D42DC9DF-ADAA-4477-A49D-583B76FBCE2A}.Release|x86.ActiveCfg = Release|Win32
		{D42DC9DF-ADAA-4477-A49D-583B76FBCE2A}.Release|x86.Build.0 = Release|Win32
		{96193958-25CF-4F47-8C95-EEACEF553689}.Debug|x64.ActiveCfg = Debug|x64
		{96193958-25CF-4F47-8C95-EEACEF553689}.Debug|x64.Build.0 = Debug|x64
		{96193958-25CF-4F47-8C95-EEACEF553689}.Debug|x86.ActiveCfg = Debug|Win32
		{96193958-25CF-4F47-8C95-EEACEF553689}.Debug|x86.Build.0 = Debug|Win32
		{96193958-25CF-4F47-8C95-EEACEF553689}.Release|x64.ActiveCfg = Release|x64
		{96193958-25CF-4F47-8C95-EEACEF553689}.Release|x64.Build.0 = Release|x64
		{96193958-25CF-4F47-8C95-EEACEF553689}.Release|x86.ActiveCfg = Release|Win32
		{96193958-25CF-4F47-8C95-EEACEF553689}.Release|x86.Build.0 = Release|Win32
		{01B65505-8DBE-443D-9C19-27A8A52F85CB}.Debug|x64.ActiveCfg = Debug|x64
		{01B65505-8DBE-443D-9C19-27A8A52F85CB}.Debug|x64.Build.0 = Debug|x64
		{01B65505-8DBE-443D-9C19-27A8A52F85CB}.Debug|x86.ActiveCfg = Debug|Win32
		{01B65505-8DBE-443D-9C19-27A8A52F85CB}.Debug|x86.Build.0 = Debug|Win32
		{01B65505-8DBE-443D-9C19-27A8A52F85CB}.Release|x64.ActiveCfg = Release|x64
		{01B65505-8DBE-443D-9C19-27A8A52F85CB}.Release|x64.Build.0 = Release|x64
		{01B65505-8DBE-443D-9C19-27A8A52F85CB}.Release|x86.ActiveCfg = Release|Win32
		{01B65505-8DBE-443D-9C19-27A8A52F85CB}.Release|x86.Build.0 = Release|Win32
	EndGlobalSection
	GlobalSection(SolutionProperties) = preSolution
		HideSolutionNode = FALSE
	EndGlobalSection
	GlobalSection(ExtensibilityGlobals) = postSolution
		SolutionGuid = {BDF15FA8-16F0-4121-B1E9-5993417B6657}
	EndGlobalSection
EndGlobal
